
Microsoft Visual Studio Solution File, Format Version 12.00
# Visual Studio Version 16
VisualStudioVersion = 16.0.31025.194
MinimumVisualStudioVersion = 10.0.40219.1
Project("{8BC9CEB8-8B4A-11D0-8D11-00A0C91BC942}") = "Ex 3", "Ex 3\Ex 3.vcxproj", "{3074EE92-0677-40C5-90F0-E0996B2644A7}"
EndProject
Global
	GlobalSection(SolutionConfigurationPlatforms) = preSolution
		Debug|x64 = Debug|x64
		Debug|x86 = Debug|x86
		Release|x64 = Release|x64
		Release|x86 = Release|x86
	EndGlobalSection
	GlobalSection(ProjectConfigurationPlatforms) = postSolution
		{3074EE92-0677-40C5-90F0-E0996B2644A7}.Debug|x64.ActiveCfg = Debug|x64
		{3074EE92-0677-40C5-90F0-E0996B2644A7}.Debug|x64.Build.0 = Debug|x64
		{3074EE92-0677-40C5-90F0-E0996B2644A7}.Debug|x86.ActiveCfg = Debug|Win32
		{3074EE92-0677-40C5-90F0-E0996B2644A7}.Debug|x86.Build.0 = Debug|Win32
		{3074EE92-0677-40C5-90F0-E0996B2644A7}.Release|x64.ActiveCfg = Release|x64
		{3074EE92-0677-40C5-90F0-E0996B2644A7}.Release|x64.Build.0 = Release|x64
		{3074EE92-0677-40C5-90F0-E0996B2644A7}.Release|x86.ActiveCfg = Release|Win32
		{3074EE92-0677-40C5-90F0-E0996B2644A7}.Release|x86.Build.0 = Release|Win32
	EndGlobalSection
	GlobalSection(SolutionProperties) = preSolution
		HideSolutionNode = FALSE
	EndGlobalSection
	GlobalSection(ExtensibilityGlobals) = postSolution
		SolutionGuid = {8CB0456F-480F-4099-9582-0B885B2C4628}
	EndGlobalSection
EndGlobal
